// !$*UTF8*$!
{
	archiveVersion = 1;
	classes = {
	};
	objectVersion = 46;
	objects = {

/* Begin PBXBuildFile section */
		101E37331AEF325D006BE846 /* libxml2.dylib in Frameworks */ = {isa = PBXBuildFile; fileRef = 101E37321AEF325D006BE846 /* libxml2.dylib */; };
		107300F51C422D4D0002D556 /* AppDelegate.m in Sources */ = {isa = PBXBuildFile; fileRef = 107300EA1C422D4D0002D556 /* AppDelegate.m */; };
		107300F61C422D4D0002D556 /* emMenuList.m in Sources */ = {isa = PBXBuildFile; fileRef = 107300EC1C422D4D0002D556 /* emMenuList.m */; };
		107300F71C422D4D0002D556 /* emTableViewCell.m in Sources */ = {isa = PBXBuildFile; fileRef = 107300EE1C422D4D0002D556 /* emTableViewCell.m */; };
		107300F81C422D4D0002D556 /* splashScreen.m in Sources */ = {isa = PBXBuildFile; fileRef = 107300F01C422D4D0002D556 /* splashScreen.m */; };
		107300F91C422D4D0002D556 /* ViewController.m in Sources */ = {isa = PBXBuildFile; fileRef = 107300F21C422D4D0002D556 /* ViewController.m */; };
		1073010C1C422D900002D556 /* avatar.png in Resources */ = {isa = PBXBuildFile; fileRef = 107301041C422D900002D556 /* avatar.png */; };
		1073010D1C422D900002D556 /* avatar@2x.png in Resources */ = {isa = PBXBuildFile; fileRef = 107301051C422D900002D556 /* avatar@2x.png */; };
		1073010E1C422D900002D556 /* bg-default.png in Resources */ = {isa = PBXBuildFile; fileRef = 107301061C422D900002D556 /* bg-default.png */; };
		1073010F1C422D900002D556 /* bg-default@2x.png in Resources */ = {isa = PBXBuildFile; fileRef = 107301071C422D900002D556 /* bg-default@2x.png */; };
		107301101C422D900002D556 /* bg-sideMenu.png in Resources */ = {isa = PBXBuildFile; fileRef = 107301081C422D900002D556 /* bg-sideMenu.png */; };
		107301111C422D900002D556 /* bg-sideMenu@2x.png in Resources */ = {isa = PBXBuildFile; fileRef = 107301091C422D900002D556 /* bg-sideMenu@2x.png */; };
		107301121C422D900002D556 /* ENSLogo_opacity.png in Resources */ = {isa = PBXBuildFile; fileRef = 1073010A1C422D900002D556 /* ENSLogo_opacity.png */; };
		107301131C422D900002D556 /* ENSLogo.png in Resources */ = {isa = PBXBuildFile; fileRef = 1073010B1C422D900002D556 /* ENSLogo.png */; };
		107301181C422DBB0002D556 /* hamburger.png in Resources */ = {isa = PBXBuildFile; fileRef = 107301141C422DBB0002D556 /* hamburger.png */; };
		107301191C422DBB0002D556 /* list.png in Resources */ = {isa = PBXBuildFile; fileRef = 107301151C422DBB0002D556 /* list.png */; };
		1073011A1C422DBB0002D556 /* list@2x.png in Resources */ = {isa = PBXBuildFile; fileRef = 107301161C422DBB0002D556 /* list@2x.png */; };
		1073011B1C422DBB0002D556 /* minus.png in Resources */ = {isa = PBXBuildFile; fileRef = 107301171C422DBB0002D556 /* minus.png */; };
		1073011D1C422DCE0002D556 /* Images.xcassets in Resources */ = {isa = PBXBuildFile; fileRef = 1073011C1C422DCE0002D556 /* Images.xcassets */; };
		107301211C422DE40002D556 /* main.m in Sources */ = {isa = PBXBuildFile; fileRef = 1073011E1C422DE40002D556 /* main.m */; };
		107301251C422E700002D556 /* InfoPlist.strings in Resources */ = {isa = PBXBuildFile; fileRef = 107301231C422E700002D556 /* InfoPlist.strings */; };
		107301281C422ED00002D556 /* Main.storyboard in Resources */ = {isa = PBXBuildFile; fileRef = 107301261C422ED00002D556 /* Main.storyboard */; };
		1073013B1C4234730002D556 /* TFHpple.m in Sources */ = {isa = PBXBuildFile; fileRef = 107301361C4234730002D556 /* TFHpple.m */; };
		1073013C1C4234730002D556 /* TFHppleElement.m in Sources */ = {isa = PBXBuildFile; fileRef = 107301381C4234730002D556 /* TFHppleElement.m */; };
		1073013D1C4234730002D556 /* XPathQuery.m in Sources */ = {isa = PBXBuildFile; fileRef = 1073013A1C4234730002D556 /* XPathQuery.m */; };
		D394D7C4181868E800B32CDE /* Foundation.framework in Frameworks */ = {isa = PBXBuildFile; fileRef = D394D7C3181868E800B32CDE /* Foundation.framework */; };
		D394D7C6181868E800B32CDE /* CoreGraphics.framework in Frameworks */ = {isa = PBXBuildFile; fileRef = D394D7C5181868E800B32CDE /* CoreGraphics.framework */; };
		D394D7C8181868E800B32CDE /* UIKit.framework in Frameworks */ = {isa = PBXBuildFile; fileRef = D394D7C7181868E800B32CDE /* UIKit.framework */; };
/* End PBXBuildFile section */

/* Begin PBXFileReference section */
		101E37321AEF325D006BE846 /* libxml2.dylib */ = {isa = PBXFileReference; lastKnownFileType = "compiled.mach-o.dylib"; name = libxml2.dylib; path = usr/lib/libxml2.dylib; sourceTree = SDKROOT; };
		107300E91C422D4D0002D556 /* AppDelegate.h */ = {isa = PBXFileReference; fileEncoding = 4; lastKnownFileType = sourcecode.c.h; name = AppDelegate.h; path = WebTreeMenu/AppDelegate.h; sourceTree = SOURCE_ROOT; };
		107300EA1C422D4D0002D556 /* AppDelegate.m */ = {isa = PBXFileReference; fileEncoding = 4; lastKnownFileType = sourcecode.c.objc; name = AppDelegate.m; path = WebTreeMenu/AppDelegate.m; sourceTree = SOURCE_ROOT; };
		107300EB1C422D4D0002D556 /* emMenuList.h */ = {isa = PBXFileReference; fileEncoding = 4; lastKnownFileType = sourcecode.c.h; name = emMenuList.h; path = WebTreeMenu/emMenuList.h; sourceTree = SOURCE_ROOT; };
		107300EC1C422D4D0002D556 /* emMenuList.m */ = {isa = PBXFileReference; fileEncoding = 4; lastKnownFileType = sourcecode.c.objc; name = emMenuList.m; path = WebTreeMenu/emMenuList.m; sourceTree = SOURCE_ROOT; };
		107300ED1C422D4D0002D556 /* emTableViewCell.h */ = {isa = PBXFileReference; fileEncoding = 4; lastKnownFileType = sourcecode.c.h; name = emTableViewCell.h; path = WebTreeMenu/emTableViewCell.h; sourceTree = SOURCE_ROOT; };
		107300EE1C422D4D0002D556 /* emTableViewCell.m */ = {isa = PBXFileReference; fileEncoding = 4; lastKnownFileType = sourcecode.c.objc; name = emTableViewCell.m; path = WebTreeMenu/emTableViewCell.m; sourceTree = SOURCE_ROOT; };
		107300EF1C422D4D0002D556 /* splashScreen.h */ = {isa = PBXFileReference; fileEncoding = 4; lastKnownFileType = sourcecode.c.h; name = splashScreen.h; path = WebTreeMenu/splashScreen.h; sourceTree = SOURCE_ROOT; };
		107300F01C422D4D0002D556 /* splashScreen.m */ = {isa = PBXFileReference; fileEncoding = 4; lastKnownFileType = sourcecode.c.objc; name = splashScreen.m; path = WebTreeMenu/splashScreen.m; sourceTree = SOURCE_ROOT; };
		107300F11C422D4D0002D556 /* ViewController.h */ = {isa = PBXFileReference; fileEncoding = 4; lastKnownFileType = sourcecode.c.h; name = ViewController.h; path = WebTreeMenu/ViewController.h; sourceTree = SOURCE_ROOT; };
		107300F21C422D4D0002D556 /* ViewController.m */ = {isa = PBXFileReference; fileEncoding = 4; lastKnownFileType = sourcecode.c.objc; name = ViewController.m; path = WebTreeMenu/ViewController.m; sourceTree = SOURCE_ROOT; };
		107301041C422D900002D556 /* avatar.png */ = {isa = PBXFileReference; lastKnownFileType = image.png; name = avatar.png; path = WebTreeMenu/images/avatar.png; sourceTree = SOURCE_ROOT; };
		107301051C422D900002D556 /* avatar@2x.png */ = {isa = PBXFileReference; lastKnownFileType = image.png; name = "avatar@2x.png"; path = "WebTreeMenu/images/avatar@2x.png"; sourceTree = SOURCE_ROOT; };
		107301061C422D900002D556 /* bg-default.png */ = {isa = PBXFileReference; lastKnownFileType = image.png; name = "bg-default.png"; path = "WebTreeMenu/images/bg-default.png"; sourceTree = SOURCE_ROOT; };
		107301071C422D900002D556 /* bg-default@2x.png */ = {isa = PBXFileReference; lastKnownFileType = image.png; name = "bg-default@2x.png"; path = "WebTreeMenu/images/bg-default@2x.png"; sourceTree = SOURCE_ROOT; };
		107301081C422D900002D556 /* bg-sideMenu.png */ = {isa = PBXFileReference; lastKnownFileType = image.png; name = "bg-sideMenu.png"; path = "WebTreeMenu/images/bg-sideMenu.png"; sourceTree = SOURCE_ROOT; };
		107301091C422D900002D556 /* bg-sideMenu@2x.png */ = {isa = PBXFileReference; lastKnownFileType = image.png; name = "bg-sideMenu@2x.png"; path = "WebTreeMenu/images/bg-sideMenu@2x.png"; sourceTree = SOURCE_ROOT; };
		1073010A1C422D900002D556 /* ENSLogo_opacity.png */ = {isa = PBXFileReference; lastKnownFileType = image.png; name = ENSLogo_opacity.png; path = WebTreeMenu/images/ENSLogo_opacity.png; sourceTree = SOURCE_ROOT; };
		1073010B1C422D900002D556 /* ENSLogo.png */ = {isa = PBXFileReference; lastKnownFileType = image.png; name = ENSLogo.png; path = WebTreeMenu/images/ENSLogo.png; sourceTree = SOURCE_ROOT; };
		107301141C422DBB0002D556 /* hamburger.png */ = {isa = PBXFileReference; lastKnownFileType = image.png; name = hamburger.png; path = WebTreeMenu/images/Icons/hamburger.png; sourceTree = SOURCE_ROOT; };
		107301151C422DBB0002D556 /* list.png */ = {isa = PBXFileReference; lastKnownFileType = image.png; name = list.png; path = WebTreeMenu/images/Icons/list.png; sourceTree = SOURCE_ROOT; };
		107301161C422DBB0002D556 /* list@2x.png */ = {isa = PBXFileReference; lastKnownFileType = image.png; name = "list@2x.png"; path = "WebTreeMenu/images/Icons/list@2x.png"; sourceTree = SOURCE_ROOT; };
		107301171C422DBB0002D556 /* minus.png */ = {isa = PBXFileReference; lastKnownFileType = image.png; name = minus.png; path = WebTreeMenu/images/Icons/minus.png; sourceTree = SOURCE_ROOT; };
		1073011C1C422DCE0002D556 /* Images.xcassets */ = {isa = PBXFileReference; lastKnownFileType = folder.assetcatalog; name = Images.xcassets; path = WebTreeMenu/Images.xcassets; sourceTree = SOURCE_ROOT; };
		1073011E1C422DE40002D556 /* main.m */ = {isa = PBXFileReference; fileEncoding = 4; lastKnownFileType = sourcecode.c.objc; name = main.m; path = WebTreeMenu/main.m; sourceTree = SOURCE_ROOT; };
		1073011F1C422DE40002D556 /* WebTreeMenu-Info.plist */ = {isa = PBXFileReference; fileEncoding = 4; lastKnownFileType = text.plist.xml; name = "WebTreeMenu-Info.plist"; path = "WebTreeMenu/WebTreeMenu-Info.plist"; sourceTree = SOURCE_ROOT; };
		107301201C422DE40002D556 /* WebTreeMenu-Prefix.pch */ = {isa = PBXFileReference; fileEncoding = 4; lastKnownFileType = sourcecode.c.h; name = "WebTreeMenu-Prefix.pch"; path = "WebTreeMenu/WebTreeMenu-Prefix.pch"; sourceTree = SOURCE_ROOT; };
		107301241C422E700002D556 /* en */ = {isa = PBXFileReference; lastKnownFileType = text.plist.strings; name = en; path = WebTreeMenu/en.lproj/InfoPlist.strings; sourceTree = SOURCE_ROOT; };
		107301271C422ED00002D556 /* Base */ = {isa = PBXFileReference; lastKnownFileType = file.storyboard; name = Base; path = WebTreeMenu/Base.lproj/Main.storyboard; sourceTree = SOURCE_ROOT; };
		107301351C4234730002D556 /* TFHpple.h */ = {isa = PBXFileReference; fileEncoding = 4; lastKnownFileType = sourcecode.c.h; name = TFHpple.h; path = Pods/hpple/Pod/Classes/TFHpple.h; sourceTree = SOURCE_ROOT; };
		107301361C4234730002D556 /* TFHpple.m */ = {isa = PBXFileReference; fileEncoding = 4; lastKnownFileType = sourcecode.c.objc; name = TFHpple.m; path = Pods/hpple/Pod/Classes/TFHpple.m; sourceTree = SOURCE_ROOT; };
		107301371C4234730002D556 /* TFHppleElement.h */ = {isa = PBXFileReference; fileEncoding = 4; lastKnownFileType = sourcecode.c.h; name = TFHppleElement.h; path = Pods/hpple/Pod/Classes/TFHppleElement.h; sourceTree = SOURCE_ROOT; };
		107301381C4234730002D556 /* TFHppleElement.m */ = {isa = PBXFileReference; fileEncoding = 4; lastKnownFileType = sourcecode.c.objc; name = TFHppleElement.m; path = Pods/hpple/Pod/Classes/TFHppleElement.m; sourceTree = SOURCE_ROOT; };
		107301391C4234730002D556 /* XPathQuery.h */ = {isa = PBXFileReference; fileEncoding = 4; lastKnownFileType = sourcecode.c.h; name = XPathQuery.h; path = Pods/hpple/Pod/Classes/XPathQuery.h; sourceTree = SOURCE_ROOT; };
		1073013A1C4234730002D556 /* XPathQuery.m */ = {isa = PBXFileReference; fileEncoding = 4; lastKnownFileType = sourcecode.c.objc; name = XPathQuery.m; path = Pods/hpple/Pod/Classes/XPathQuery.m; sourceTree = SOURCE_ROOT; };
		D394D7C0181868E800B32CDE /* WebTreeMenu.app */ = {isa = PBXFileReference; explicitFileType = wrapper.application; includeInIndex = 0; path = WebTreeMenu.app; sourceTree = BUILT_PRODUCTS_DIR; };
		D394D7C3181868E800B32CDE /* Foundation.framework */ = {isa = PBXFileReference; lastKnownFileType = wrapper.framework; name = Foundation.framework; path = System/Library/Frameworks/Foundation.framework; sourceTree = SDKROOT; };
		D394D7C5181868E800B32CDE /* CoreGraphics.framework */ = {isa = PBXFileReference; lastKnownFileType = wrapper.framework; name = CoreGraphics.framework; path = System/Library/Frameworks/CoreGraphics.framework; sourceTree = SDKROOT; };
		D394D7C7181868E800B32CDE /* UIKit.framework */ = {isa = PBXFileReference; lastKnownFileType = wrapper.framework; name = UIKit.framework; path = System/Library/Frameworks/UIKit.framework; sourceTree = SDKROOT; };
/* End PBXFileReference section */

/* Begin PBXFrameworksBuildPhase section */
		D394D7BD181868E800B32CDE /* Frameworks */ = {
			isa = PBXFrameworksBuildPhase;
			buildActionMask = 2147483647;
			files = (
				101E37331AEF325D006BE846 /* libxml2.dylib in Frameworks */,
				D394D7C6181868E800B32CDE /* CoreGraphics.framework in Frameworks */,
				D394D7C8181868E800B32CDE /* UIKit.framework in Frameworks */,
				D394D7C4181868E800B32CDE /* Foundation.framework in Frameworks */,
			);
			runOnlyForDeploymentPostprocessing = 0;
		};
/* End PBXFrameworksBuildPhase section */

/* Begin PBXGroup section */
		107301291C422FDE0002D556 /* Pods */ = {
			isa = PBXGroup;
			children = (
				1073012A1C422FDE0002D556 /* hipple */,
			);
			path = Pods;
			sourceTree = "<group>";
		};
		1073012A1C422FDE0002D556 /* hipple */ = {
			isa = PBXGroup;
			children = (
				107301351C4234730002D556 /* TFHpple.h */,
				107301361C4234730002D556 /* TFHpple.m */,
				107301371C4234730002D556 /* TFHppleElement.h */,
				107301381C4234730002D556 /* TFHppleElement.m */,
				107301391C4234730002D556 /* XPathQuery.h */,
				1073013A1C4234730002D556 /* XPathQuery.m */,
			);
			name = hipple;
			path = Hpple;
			sourceTree = "<group>";
		};
		CB1932F01E37E9A600AF2B42 /* Controller */ = {
			isa = PBXGroup;
			children = (
				107300F11C422D4D0002D556 /* ViewController.h */,
				107300F21C422D4D0002D556 /* ViewController.m */,
			);
			name = Controller;
			sourceTree = "<group>";
		};
		CB1932F11E37E9BF00AF2B42 /* View */ = {
			isa = PBXGroup;
			children = (
				107300EB1C422D4D0002D556 /* emMenuList.h */,
				107300EC1C422D4D0002D556 /* emMenuList.m */,
				107300ED1C422D4D0002D556 /* emTableViewCell.h */,
				107300EE1C422D4D0002D556 /* emTableViewCell.m */,
			);
			name = View;
			sourceTree = "<group>";
		};
		D394D7B7181868E800B32CDE = {
			isa = PBXGroup;
			children = (
				107301291C422FDE0002D556 /* Pods */,
				D394D7C9181868E800B32CDE /* WebTreeMenu */,
				D394D7C2181868E800B32CDE /* Frameworks */,
				D394D7C1181868E800B32CDE /* Products */,
			);
			sourceTree = "<group>";
		};
		D394D7C1181868E800B32CDE /* Products */ = {
			isa = PBXGroup;
			children = (
				D394D7C0181868E800B32CDE /* WebTreeMenu.app */,
			);
			name = Products;
			sourceTree = "<group>";
		};
		D394D7C2181868E800B32CDE /* Frameworks */ = {
			isa = PBXGroup;
			children = (
				101E37321AEF325D006BE846 /* libxml2.dylib */,
				D394D7C3181868E800B32CDE /* Foundation.framework */,
				D394D7C5181868E800B32CDE /* CoreGraphics.framework */,
				D394D7C7181868E800B32CDE /* UIKit.framework */,
			);
			name = Frameworks;
			sourceTree = "<group>";
		};
		D394D7C9181868E800B32CDE /* WebTreeMenu */ = {
			isa = PBXGroup;
			children = (
				107300E91C422D4D0002D556 /* AppDelegate.h */,
				107300EA1C422D4D0002D556 /* AppDelegate.m */,
				CB1932F01E37E9A600AF2B42 /* Controller */,
				CB1932F11E37E9BF00AF2B42 /* View */,
				107300EF1C422D4D0002D556 /* splashScreen.h */,
				107300F01C422D4D0002D556 /* splashScreen.m */,
				107301261C422ED00002D556 /* Main.storyboard */,
				D394D7F8181868F900B32CDE /* images */,
				1073011C1C422DCE0002D556 /* Images.xcassets */,
				D394D7CA181868E800B32CDE /* Supporting Files */,
			);
			name = WebTreeMenu;
			path = VoovilSideMenu;
			sourceTree = "<group>";
		};
		D394D7CA181868E800B32CDE /* Supporting Files */ = {
			isa = PBXGroup;
			children = (
				107301231C422E700002D556 /* InfoPlist.strings */,
				1073011E1C422DE40002D556 /* main.m */,
				1073011F1C422DE40002D556 /* WebTreeMenu-Info.plist */,
				107301201C422DE40002D556 /* WebTreeMenu-Prefix.pch */,
			);
			name = "Supporting Files";
			sourceTree = "<group>";
		};
		D394D7F8181868F900B32CDE /* images */ = {
			isa = PBXGroup;
			children = (
				107301041C422D900002D556 /* avatar.png */,
				107301051C422D900002D556 /* avatar@2x.png */,
				107301061C422D900002D556 /* bg-default.png */,
				107301071C422D900002D556 /* bg-default@2x.png */,
				107301081C422D900002D556 /* bg-sideMenu.png */,
				107301091C422D900002D556 /* bg-sideMenu@2x.png */,
				1073010A1C422D900002D556 /* ENSLogo_opacity.png */,
				1073010B1C422D900002D556 /* ENSLogo.png */,
				D394D7FD181868F900B32CDE /* Icons */,
			);
			path = images;
			sourceTree = "<group>";
		};
		D394D7FD181868F900B32CDE /* Icons */ = {
			isa = PBXGroup;
			children = (
				107301141C422DBB0002D556 /* hamburger.png */,
				107301151C422DBB0002D556 /* list.png */,
				107301161C422DBB0002D556 /* list@2x.png */,
				107301171C422DBB0002D556 /* minus.png */,
			);
			path = Icons;
			sourceTree = "<group>";
		};
/* End PBXGroup section */

/* Begin PBXNativeTarget section */
		D394D7BF181868E800B32CDE /* WebTreeMenu */ = {
			isa = PBXNativeTarget;
			buildConfigurationList = D394D7F2181868E800B32CDE /* Build configuration list for PBXNativeTarget "WebTreeMenu" */;
			buildPhases = (
				D394D7BC181868E800B32CDE /* Sources */,
				D394D7BD181868E800B32CDE /* Frameworks */,
				D394D7BE181868E800B32CDE /* Resources */,
			);
			buildRules = (
			);
			dependencies = (
			);
			name = WebTreeMenu;
			productName = VoovilSideMenu;
			productReference = D394D7C0181868E800B32CDE /* WebTreeMenu.app */;
			productType = "com.apple.product-type.application";
		};
/* End PBXNativeTarget section */

/* Begin PBXProject section */
		D394D7B8181868E800B32CDE /* Project object */ = {
			isa = PBXProject;
			attributes = {
				LastUpgradeCheck = 0820;
				ORGANIZATIONNAME = EmpireNailSupply;
			};
			buildConfigurationList = D394D7BB181868E800B32CDE /* Build configuration list for PBXProject "WebTreeMenu" */;
			compatibilityVersion = "Xcode 3.2";
			developmentRegion = English;
			hasScannedForEncodings = 0;
			knownRegions = (
				en,
				Base,
			);
			mainGroup = D394D7B7181868E800B32CDE;
			productRefGroup = D394D7C1181868E800B32CDE /* Products */;
			projectDirPath = "";
			projectRoot = "";
			targets = (
				D394D7BF181868E800B32CDE /* WebTreeMenu */,
			);
		};
/* End PBXProject section */

/* Begin PBXResourcesBuildPhase section */
		D394D7BE181868E800B32CDE /* Resources */ = {
			isa = PBXResourcesBuildPhase;
			buildActionMask = 2147483647;
			files = (
				107301101C422D900002D556 /* bg-sideMenu.png in Resources */,
				107301251C422E700002D556 /* InfoPlist.strings in Resources */,
				1073010D1C422D900002D556 /* avatar@2x.png in Resources */,
				107301121C422D900002D556 /* ENSLogo_opacity.png in Resources */,
				107301181C422DBB0002D556 /* hamburger.png in Resources */,
				1073011B1C422DBB0002D556 /* minus.png in Resources */,
				1073010F1C422D900002D556 /* bg-default@2x.png in Resources */,
				1073010E1C422D900002D556 /* bg-default.png in Resources */,
				107301191C422DBB0002D556 /* list.png in Resources */,
				1073011D1C422DCE0002D556 /* Images.xcassets in Resources */,
				107301281C422ED00002D556 /* Main.storyboard in Resources */,
				1073010C1C422D900002D556 /* avatar.png in Resources */,
				107301111C422D900002D556 /* bg-sideMenu@2x.png in Resources */,
				1073011A1C422DBB0002D556 /* list@2x.png in Resources */,
				107301131C422D900002D556 /* ENSLogo.png in Resources */,
			);
			runOnlyForDeploymentPostprocessing = 0;
		};
/* End PBXResourcesBuildPhase section */

/* Begin PBXSourcesBuildPhase section */
		D394D7BC181868E800B32CDE /* Sources */ = {
			isa = PBXSourcesBuildPhase;
			buildActionMask = 2147483647;
			files = (
				1073013C1C4234730002D556 /* TFHppleElement.m in Sources */,
				107300F91C422D4D0002D556 /* ViewController.m in Sources */,
				107300F71C422D4D0002D556 /* emTableViewCell.m in Sources */,
				107300F51C422D4D0002D556 /* AppDelegate.m in Sources */,
				1073013D1C4234730002D556 /* XPathQuery.m in Sources */,
				1073013B1C4234730002D556 /* TFHpple.m in Sources */,
				107300F81C422D4D0002D556 /* splashScreen.m in Sources */,
				107301211C422DE40002D556 /* main.m in Sources */,
				107300F61C422D4D0002D556 /* emMenuList.m in Sources */,
			);
			runOnlyForDeploymentPostprocessing = 0;
		};
/* End PBXSourcesBuildPhase section */

/* Begin PBXVariantGroup section */
		107301231C422E700002D556 /* InfoPlist.strings */ = {
			isa = PBXVariantGroup;
			children = (
				107301241C422E700002D556 /* en */,
			);
			name = InfoPlist.strings;
			sourceTree = "<group>";
		};
		107301261C422ED00002D556 /* Main.storyboard */ = {
			isa = PBXVariantGroup;
			children = (
				107301271C422ED00002D556 /* Base */,
			);
			name = Main.storyboard;
			sourceTree = "<group>";
		};
/* End PBXVariantGroup section */

/* Begin XCBuildConfiguration section */
		D394D7F0181868E800B32CDE /* Debug */ = {
			isa = XCBuildConfiguration;
			buildSettings = {
				ALWAYS_SEARCH_USER_PATHS = NO;
				CLANG_CXX_LANGUAGE_STANDARD = "gnu++0x";
				CLANG_CXX_LIBRARY = "libc++";
				CLANG_ENABLE_MODULES = YES;
				CLANG_ENABLE_OBJC_ARC = YES;
				CLANG_WARN_BOOL_CONVERSION = YES;
				CLANG_WARN_CONSTANT_CONVERSION = YES;
				CLANG_WARN_DIRECT_OBJC_ISA_USAGE = YES_ERROR;
				CLANG_WARN_EMPTY_BODY = YES;
				CLANG_WARN_ENUM_CONVERSION = YES;
				CLANG_WARN_INFINITE_RECURSION = YES;
				CLANG_WARN_INT_CONVERSION = YES;
				CLANG_WARN_OBJC_ROOT_CLASS = YES_ERROR;
				CLANG_WARN_SUSPICIOUS_MOVE = YES;
				CLANG_WARN_UNREACHABLE_CODE = YES;
				CLANG_WARN__DUPLICATE_METHOD_MATCH = YES;
				"CODE_SIGN_IDENTITY[sdk=iphoneos*]" = "iPhone Developer";
				COPY_PHASE_STRIP = NO;
				ENABLE_STRICT_OBJC_MSGSEND = YES;
				ENABLE_TESTABILITY = YES;
				GCC_C_LANGUAGE_STANDARD = gnu99;
				GCC_DYNAMIC_NO_PIC = NO;
				GCC_NO_COMMON_BLOCKS = YES;
				GCC_OPTIMIZATION_LEVEL = 0;
				GCC_PREPROCESSOR_DEFINITIONS = (
					"DEBUG=1",
					"$(inherited)",
				);
				GCC_SYMBOLS_PRIVATE_EXTERN = NO;
				GCC_WARN_64_TO_32_BIT_CONVERSION = YES;
				GCC_WARN_ABOUT_RETURN_TYPE = YES_ERROR;
				GCC_WARN_UNDECLARED_SELECTOR = YES;
				GCC_WARN_UNINITIALIZED_AUTOS = YES;
				GCC_WARN_UNUSED_FUNCTION = YES;
				GCC_WARN_UNUSED_VARIABLE = YES;
				IPHONEOS_DEPLOYMENT_TARGET = 8.0;
				ONLY_ACTIVE_ARCH = YES;
				SDKROOT = iphoneos;
			};
			name = Debug;
		};
		D394D7F1181868E800B32CDE /* Release */ = {
			isa = XCBuildConfiguration;
			buildSettings = {
				ALWAYS_SEARCH_USER_PATHS = NO;
				CLANG_CXX_LANGUAGE_STANDARD = "gnu++0x";
				CLANG_CXX_LIBRARY = "libc++";
				CLANG_ENABLE_MODULES = YES;
				CLANG_ENABLE_OBJC_ARC = YES;
				CLANG_WARN_BOOL_CONVERSION = YES;
				CLANG_WARN_CONSTANT_CONVERSION = YES;
				CLANG_WARN_DIRECT_OBJC_ISA_USAGE = YES_ERROR;
				CLANG_WARN_EMPTY_BODY = YES;
				CLANG_WARN_ENUM_CONVERSION = YES;
				CLANG_WARN_INFINITE_RECURSION = YES;
				CLANG_WARN_INT_CONVERSION = YES;
				CLANG_WARN_OBJC_ROOT_CLASS = YES_ERROR;
				CLANG_WARN_SUSPICIOUS_MOVE = YES;
				CLANG_WARN_UNREACHABLE_CODE = YES;
				CLANG_WARN__DUPLICATE_METHOD_MATCH = YES;
				"CODE_SIGN_IDENTITY[sdk=iphoneos*]" = "iPhone Developer";
				COPY_PHASE_STRIP = YES;
				ENABLE_NS_ASSERTIONS = NO;
				ENABLE_STRICT_OBJC_MSGSEND = YES;
				GCC_C_LANGUAGE_STANDARD = gnu99;
				GCC_NO_COMMON_BLOCKS = YES;
				GCC_WARN_64_TO_32_BIT_CONVERSION = YES;
				GCC_WARN_ABOUT_RETURN_TYPE = YES_ERROR;
				GCC_WARN_UNDECLARED_SELECTOR = YES;
				GCC_WARN_UNINITIALIZED_AUTOS = YES;
				GCC_WARN_UNUSED_FUNCTION = YES;
				GCC_WARN_UNUSED_VARIABLE = YES;
				IPHONEOS_DEPLOYMENT_TARGET = 8.0;
				SDKROOT = iphoneos;
				VALIDATE_PRODUCT = YES;
			};
			name = Release;
		};
		D394D7F3181868E800B32CDE /* Debug */ = {
			isa = XCBuildConfiguration;
			buildSettings = {
				ASSETCATALOG_COMPILER_APPICON_NAME = AppIcon;
				ASSETCATALOG_COMPILER_LAUNCHIMAGE_NAME = LaunchImage;
				GCC_PRECOMPILE_PREFIX_HEADER = YES;
				GCC_PREFIX_HEADER = "WebTreeMenu/WebTreeMenu-Prefix.pch";
				HEADER_SEARCH_PATHS = (
					"$(inherited)",
					/Applications/Xcode.app/Contents/Developer/Toolchains/XcodeDefault.xctoolchain/usr/include,
					"$(SDKROOT)/usr/include/libxml2",
				);
				INFOPLIST_FILE = "$(SRCROOT)/WebTreeMenu/WebTreeMenu-Info.plist";
				LIBRARY_SEARCH_PATHS = "";
				PRODUCT_BUNDLE_IDENTIFIER = com.WebTreeMenu.com;
				PRODUCT_NAME = "$(TARGET_NAME)";
				WRAPPER_EXTENSION = app;
			};
			name = Debug;
		};
		D394D7F4181868E800B32CDE /* Release */ = {
			isa = XCBuildConfiguration;
			buildSettings = {
				ASSETCATALOG_COMPILER_APPICON_NAME = AppIcon;
				ASSETCATALOG_COMPILER_LAUNCHIMAGE_NAME = LaunchImage;
				GCC_PRECOMPILE_PREFIX_HEADER = YES;
				GCC_PREFIX_HEADER = "WebTreeMenu/WebTreeMenu-Prefix.pch";
				HEADER_SEARCH_PATHS = (
					"$(inherited)",
					/Applications/Xcode.app/Contents/Developer/Toolchains/XcodeDefault.xctoolchain/usr/include,
					"$(SDKROOT)/usr/include/libxml2",
				);
				INFOPLIST_FILE = "$(SRCROOT)/WebTreeMenu/WebTreeMenu-Info.plist";
				LIBRARY_SEARCH_PATHS = "";
				PRODUCT_BUNDLE_IDENTIFIER = com.WebTreeMenu.com;
				PRODUCT_NAME = "$(TARGET_NAME)";
				WRAPPER_EXTENSION = app;
			};
			name = Release;
		};
/* End XCBuildConfiguration section */

/* Begin XCConfigurationList section */
		D394D7BB181868E800B32CDE /* Build configuration list for PBXProject "WebTreeMenu" */ = {
			isa = XCConfigurationList;
			buildConfigurations = (
				D394D7F0181868E800B32CDE /* Debug */,
				D394D7F1181868E800B32CDE /* Release */,
			);
			defaultConfigurationIsVisible = 0;
			defaultConfigurationName = Release;
		};
		D394D7F2181868E800B32CDE /* Build configuration list for PBXNativeTarget "WebTreeMenu" */ = {
			isa = XCConfigurationList;
			buildConfigurations = (
				D394D7F3181868E800B32CDE /* Debug */,
				D394D7F4181868E800B32CDE /* Release */,
			);
			defaultConfigurationIsVisible = 0;
			defaultConfigurationName = Release;
		};
/* End XCConfigurationList section */
	};
	rootObject = D394D7B8181868E800B32CDE /* Project object */;
}
